
Microsoft Visual Studio Solution File, Format Version 12.00
# Visual Studio Version 16
VisualStudioVersion = 16.0.31005.135
MinimumVisualStudioVersion = 10.0.40219.1
Project("{FAE04EC0-301F-11D3-BF4B-00C04F79EFBC}") = "Experiments", "Experiments\Experiments.csproj", "{414CE518-1EB6-45AF-8FF0-5F3F63E201A9}"
EndProject
Project("{FAE04EC0-301F-11D3-BF4B-00C04F79EFBC}") = "DI", "DI\DI.csproj", "{34A75F81-256D-44AC-8E85-C17A75FD4C07}"
EndProject
Project("{FAE04EC0-301F-11D3-BF4B-00C04F79EFBC}") = "Bll", "Bll\Bll.csproj", "{0BFDD595-10FB-405D-8BB1-B481A740B285}"
EndProject
Project("{FAE04EC0-301F-11D3-BF4B-00C04F79EFBC}") = "DataSql", "DataSql\DataSql.csproj", "{6268C123-DB79-45E5-9750-39F0AA83B5E9}"
EndProject
Project("{FAE04EC0-301F-11D3-BF4B-00C04F79EFBC}") = "DataSqlTests", "DataSqlTests\DataSqlTests.csproj", "{1112C4AE-AC6D-4843-AE9C-1DFABF046584}"
EndProject
Global
	GlobalSection(SolutionConfigurationPlatforms) = preSolution
		Debug|Any CPU = Debug|Any CPU
		Release|Any CPU = Release|Any CPU
	EndGlobalSection
	GlobalSection(ProjectConfigurationPlatforms) = postSolution
		{414CE518-1EB6-45AF-8FF0-5F3F63E201A9}.Debug|Any CPU.ActiveCfg = Debug|Any CPU
		{414CE518-1EB6-45AF-8FF0-5F3F63E201A9}.Debug|Any CPU.Build.0 = Debug|Any CPU
		{414CE518-1EB6-45AF-8FF0-5F3F63E201A9}.Release|Any CPU.ActiveCfg = Release|Any CPU
		{414CE518-1EB6-45AF-8FF0-5F3F63E201A9}.Release|Any CPU.Build.0 = Release|Any CPU
		{34A75F81-256D-44AC-8E85-C17A75FD4C07}.Debug|Any CPU.ActiveCfg = Debug|Any CPU
		{34A75F81-256D-44AC-8E85-C17A75FD4C07}.Debug|Any CPU.Build.0 = Debug|Any CPU
		{34A75F81-256D-44AC-8E85-C17A75FD4C07}.Release|Any CPU.ActiveCfg = Release|Any CPU
		{34A75F81-256D-44AC-8E85-C17A75FD4C07}.Release|Any CPU.Build.0 = Release|Any CPU
		{0BFDD595-10FB-405D-8BB1-B481A740B285}.Debug|Any CPU.ActiveCfg = Debug|Any CPU
		{0BFDD595-10FB-405D-8BB1-B481A740B285}.Debug|Any CPU.Build.0 = Debug|Any CPU
		{0BFDD595-10FB-405D-8BB1-B481A740B285}.Release|Any CPU.ActiveCfg = Release|Any CPU
		{0BFDD595-10FB-405D-8BB1-B481A740B285}.Release|Any CPU.Build.0 = Release|Any CPU
		{6268C123-DB79-45E5-9750-39F0AA83B5E9}.Debug|Any CPU.ActiveCfg = Debug|Any CPU
		{6268C123-DB79-45E5-9750-39F0AA83B5E9}.Debug|Any CPU.Build.0 = Debug|Any CPU
		{6268C123-DB79-45E5-9750-39F0AA83B5E9}.Release|Any CPU.ActiveCfg = Release|Any CPU
		{6268C123-DB79-45E5-9750-39F0AA83B5E9}.Release|Any CPU.Build.0 = Release|Any CPU
		{1112C4AE-AC6D-4843-AE9C-1DFABF046584}.Debug|Any CPU.ActiveCfg = Debug|Any CPU
		{1112C4AE-AC6D-4843-AE9C-1DFABF046584}.Debug|Any CPU.Build.0 = Debug|Any CPU
		{1112C4AE-AC6D-4843-AE9C-1DFABF046584}.Release|Any CPU.ActiveCfg = Release|Any CPU
		{1112C4AE-AC6D-4843-AE9C-1DFABF046584}.Release|Any CPU.Build.0 = Release|Any CPU
	EndGlobalSection
	GlobalSection(SolutionProperties) = preSolution
		HideSolutionNode = FALSE
	EndGlobalSection
	GlobalSection(ExtensibilityGlobals) = postSolution
		SolutionGuid = {FA8B48DA-23E9-46B8-ADA2-DE1C967BA02A}
	EndGlobalSection
EndGlobal
